
Microsoft Visual Studio Solution File, Format Version 12.00
# Visual Studio 16
Project("{FAE04EC0-301F-11D3-BF4B-00C04F79EFBC}") = "Assembly-CSharp", "Assembly-CSharp.csproj", "{CF9B66A2-68BB-0735-6B4F-2BA507A85A77}"
EndProject
Project("{FAE04EC0-301F-11D3-BF4B-00C04F79EFBC}") = "Assembly-CSharp-Editor", "Assembly-CSharp-Editor.csproj", "{43FF9F9C-E900-631D-1D22-76E7102D3595}"
EndProject
Global
	GlobalSection(SolutionConfigurationPlatforms) = preSolution
		Debug|Any CPU = Debug|Any CPU
		Release|Any CPU = Release|Any CPU
	EndGlobalSection
	GlobalSection(ProjectConfigurationPlatforms) = postSolution
		{CF9B66A2-68BB-0735-6B4F-2BA507A85A77}.Debug|Any CPU.ActiveCfg = Debug|Any CPU
		{CF9B66A2-68BB-0735-6B4F-2BA507A85A77}.Debug|Any CPU.Build.0 = Debug|Any CPU
		{CF9B66A2-68BB-0735-6B4F-2BA507A85A77}.Release|Any CPU.ActiveCfg = Release|Any CPU
		{CF9B66A2-68BB-0735-6B4F-2BA507A85A77}.Release|Any CPU.Build.0 = Release|Any CPU
		{43FF9F9C-E900-631D-1D22-76E7102D3595}.Debug|Any CPU.ActiveCfg = Debug|Any CPU
		{43FF9F9C-E900-631D-1D22-76E7102D3595}.Debug|Any CPU.Build.0 = Debug|Any CPU
		{43FF9F9C-E900-631D-1D22-76E7102D3595}.Release|Any CPU.ActiveCfg = Release|Any CPU
		{43FF9F9C-E900-631D-1D22-76E7102D3595}.Release|Any CPU.Build.0 = Release|Any CPU
	EndGlobalSection
	GlobalSection(SolutionProperties) = preSolution
		HideSolutionNode = FALSE
	EndGlobalSection
EndGlobal
